
Microsoft Visual Studio Solution File, Format Version 12.00
# Visual Studio Version 17
VisualStudioVersion = 17.5.33530.505
MinimumVisualStudioVersion = 10.0.40219.1
Project("{FAE04EC0-301F-11D3-BF4B-00C04F79EFBC}") = "S4ConsoleProject", "S4ConsoleProject\S4ConsoleProject.csproj", "{1F4967AC-2AFE-49DD-9541-1BBBEFB9D7A6}"
EndProject
Global
	GlobalSection(SolutionConfigurationPlatforms) = preSolution
		Debug|Any CPU = Debug|Any CPU
		Release|Any CPU = Release|Any CPU
	EndGlobalSection
	GlobalSection(ProjectConfigurationPlatforms) = postSolution
		{1F4967AC-2AFE-49DD-9541-1BBBEFB9D7A6}.Debug|Any CPU.ActiveCfg = Debug|Any CPU
		{1F4967AC-2AFE-49DD-9541-1BBBEFB9D7A6}.Debug|Any CPU.Build.0 = Debug|Any CPU
		{1F4967AC-2AFE-49DD-9541-1BBBEFB9D7A6}.Release|Any CPU.ActiveCfg = Release|Any CPU
		{1F4967AC-2AFE-49DD-9541-1BBBEFB9D7A6}.Release|Any CPU.Build.0 = Release|Any CPU
	EndGlobalSection
	GlobalSection(SolutionProperties) = preSolution
		HideSolutionNode = FALSE
	EndGlobalSection
	GlobalSection(ExtensibilityGlobals) = postSolution
		SolutionGuid = {4610D76B-EFCF-4040-9F39-4DB617BED40B}
	EndGlobalSection
EndGlobal
